# This file is automatically @generated by Cargo.
# It is not intended for manual editing.
version = 3

[[package]]
name = "kupo"
version = "0.1.0"
dependencies = [
 "moogle",
]

[[package]]
name = "moogle"
version = "0.3.1"
source = "registry+https://github.com/rust-lang/crates.io-index"
checksum = "0599fadd3d7490d244813597bb989892f9b46f5ffd6f8f46e2e7066c1cc32481"
